{
  "name": "super-av",
  "version": "0.1.0",
  "lockfileVersion": 3,
  "requires": true,
  "packages": {
    "": {
      "name": "super-av",
      "version": "0.1.0"
    },
    "cloud/device-gateway": {
      "name": "@super-av/device-gateway",
      "version": "0.1.0",
      "extraneous": true
    },
    "cloud/platform-api": {
      "name": "@super-av/platform-api",
      "version": "0.1.0",
      "extraneous": true
    },
    "endpoint/agent-service": {
      "name": "@super-av/agent-service",
      "version": "0.1.0",
      "extraneous": true
    },
    "packages/contract-validation": {
      "name": "@super-av/contract-validation",
      "version": "0.1.0",
      "extraneous": true
    }
  }
}
