{
  "name": "super-av",
  "version": "0.1.0",
  "lockfileVersion": 3,
  "requires": true,
  "packages": {
    "": {
      "name": "super-av",
      "version": "0.1.0",
      "workspaces": [
        "packages/*",
        "cloud/platform-api",
        "cloud/device-gateway",
        "endpoint/agent-service"
      ]
    },
    "cloud/device-gateway": {
      "name": "@super-av/device-gateway",
      "version": "0.1.0"
    },
    "cloud/platform-api": {
      "name": "@super-av/platform-api",
      "version": "0.1.0"
    },
    "endpoint/agent-service": {
      "name": "@super-av/agent-service",
      "version": "0.1.0"
    },
    "node_modules/@super-av/agent-service": {
      "resolved": "endpoint/agent-service",
      "link": true
    },
    "node_modules/@super-av/contract-validation": {
      "resolved": "packages/contract-validation",
      "link": true
    },
    "node_modules/@super-av/device-gateway": {
      "resolved": "cloud/device-gateway",
      "link": true
    },
    "node_modules/@super-av/platform-api": {
      "resolved": "cloud/platform-api",
      "link": true
    },
    "packages/contract-validation": {
      "name": "@super-av/contract-validation",
      "version": "0.1.0"
    }
  }
}
